
Microsoft Visual Studio Solution File, Format Version 12.00
# Visual Studio Version 17
VisualStudioVersion = 17.10.34928.147
MinimumVisualStudioVersion = 10.0.40219.1
Project("{FAE04EC0-301F-11D3-BF4B-00C04F79EFBC}") = "ISEAD-Project", "ISEAD-Project\ISEAD-Project.csproj", "{16459D18-23EE-4E35-9E5C-A3E629A540FD}"
EndProject
Global
	GlobalSection(SolutionConfigurationPlatforms) = preSolution
		Debug|Any CPU = Debug|Any CPU
		Release|Any CPU = Release|Any CPU
	EndGlobalSection
	GlobalSection(ProjectConfigurationPlatforms) = postSolution
		{16459D18-23EE-4E35-9E5C-A3E629A540FD}.Debug|Any CPU.ActiveCfg = Debug|Any CPU
		{16459D18-23EE-4E35-9E5C-A3E629A540FD}.Debug|Any CPU.Build.0 = Debug|Any CPU
		{16459D18-23EE-4E35-9E5C-A3E629A540FD}.Release|Any CPU.ActiveCfg = Release|Any CPU
		{16459D18-23EE-4E35-9E5C-A3E629A540FD}.Release|Any CPU.Build.0 = Release|Any CPU
	EndGlobalSection
	GlobalSection(SolutionProperties) = preSolution
		HideSolutionNode = FALSE
	EndGlobalSection
	GlobalSection(ExtensibilityGlobals) = postSolution
		SolutionGuid = {2823313F-AC4F-40E0-A791-AA1C382D69B2}
	EndGlobalSection
EndGlobal
